hash: 92b0b86293cd8ff7e45e4b92b4d116a38ea8c3a7b92137fd618742f3c67a7b15
updated: 2016-08-31T09:18:34.23005271-07:00
imports:
- name: github.com/coreos/etcd
  version: d53923c636e0e4ab7f00cb75681b97a8f11f5a9d
  subpackages:
  - client
  - error
  - pkg/pathutil
  - pkg/types
- name: github.com/go-ini/ini
  version: 6e4869b434bd001f6983749881c7ead3545887d8
- name: github.com/google/uuid
  version: f3f4b54b2fabcf1f11dcc939025bb0c109b00ed8
- name: github.com/inconshreveable/mousetrap
  version: 76626ae9c91c4f2a10f34cad8ce83ea42c93bb75
- name: github.com/quantum/clusterd
  version: 4d23c7e43905b1e9cf93b6fc21d6c2435729fb55
  subpackages:
  - pkg/inventory
  - pkg/orchestrator
  - pkg/util
- name: github.com/spf13/cobra
  version: dbb7c2d02e284aa24423e3e6e105969dffe6e4d6
  subpackages:
  - cobra
- name: github.com/spf13/pflag
  version: f676131e2660dc8cd88de99f7486d34aa8172635
- name: github.com/ugorji/go
  version: 3487a5545b3d480987dfb0492035299077fab33a
  subpackages:
  - codec
- name: golang.org/x/net
  version: 57bfaa875b96fb91b4766077f34470528d4b03e9
  subpackages:
  - context
testImports: []
