hash: 90eb2d9001e8cc062c5b410bad7168b9434f753631beef0d2097a5aa4e929fb3
updated: 2017-09-20T18:50:39.018434283-07:00
imports:
- name: github.com/aws/aws-sdk-go
  version: 599f09b4d88b78336612acd62e94e6ae87334b4b
  subpackages:
  - aws
  - aws/awserr
  - aws/awsutil
  - aws/client
  - aws/client/metadata
  - aws/corehandlers
  - aws/credentials
  - aws/credentials/ec2rolecreds
  - aws/credentials/endpointcreds
  - aws/credentials/stscreds
  - aws/defaults
  - aws/ec2metadata
  - aws/endpoints
  - aws/request
  - aws/session
  - aws/signer/v4
  - internal/shareddefaults
  - private/protocol
  - private/protocol/query
  - private/protocol/query/queryutil
  - private/protocol/rest
  - private/protocol/restxml
  - private/protocol/xml/xmlutil
  - service/s3
  - service/sts
- name: github.com/beorn7/perks
  version: 3ac7bf7a47d159a033b107610db8a1b6575507a4
  subpackages:
  - quantile
- name: github.com/boltdb/bolt
  version: 583e8937c61f1af6513608ccc75c97b6abdf4ff9
- name: github.com/coreos/etcd
  version: 20490caaf0dcd96bb4a95e40625559def8ef5b04
  subpackages:
  - alarm
  - auth
  - auth/authpb
  - client
  - compactor
  - discovery
  - error
  - etcdserver
  - etcdserver/api
  - etcdserver/api/v2http
  - etcdserver/api/v2http/httptypes
  - etcdserver/auth
  - etcdserver/etcdserverpb
  - etcdserver/membership
  - etcdserver/stats
  - lease
  - lease/leasehttp
  - lease/leasepb
  - mvcc
  - mvcc/backend
  - mvcc/mvccpb
  - pkg/adt
  - pkg/contention
  - pkg/cors
  - pkg/cpuutil
  - pkg/crc
  - pkg/fileutil
  - pkg/httputil
  - pkg/idutil
  - pkg/ioutil
  - pkg/logutil
  - pkg/monotime
  - pkg/netutil
  - pkg/pathutil
  - pkg/pbutil
  - pkg/runtime
  - pkg/schedule
  - pkg/tlsutil
  - pkg/transport
  - pkg/types
  - pkg/wait
  - raft
  - raft/raftpb
  - rafthttp
  - snap
  - snap/snappb
  - store
  - version
  - wal
  - wal/walpb
- name: github.com/coreos/go-semver
  version: 568e959cd89871e61434c1143528d9162da89ef2
  subpackages:
  - semver
- name: github.com/coreos/go-systemd
  version: 48702e0da86bd25e76cfef347e2adeb434a0d0a6
  subpackages:
  - daemon
  - dbus
  - journal
  - unit
  - util
- name: github.com/coreos/pkg
  version: fa29b1d70f0beaddd4c7021607cc3c3be8ce94b8
  subpackages:
  - capnslog
- name: github.com/corpix/uarand
  version: 2b8494104d86337cdd41d0a49cbed8e4583c0ab4
- name: github.com/cpuguy83/go-md2man
  version: 1d903dcb749992f3741d744c0f8376b4bd7eb3e1
  subpackages:
  - md2man
- name: github.com/davecgh/go-spew
  version: 5215b55f46b2b919f50a1df0eaa5886afe4e3b3d
  subpackages:
  - spew
- name: github.com/docker/distribution
  version: cd27f179f2c10c5d300e6d09025b538c475b0d51
  subpackages:
  - digest
  - reference
- name: github.com/emicklei/go-restful
  version: ff4f55a206334ef123e4f79bbf348980da81ca46
  subpackages:
  - log
- name: github.com/emicklei/go-restful-swagger12
  version: dcef7f55730566d41eae5db10e7d6981829720f6
- name: github.com/ghodss/yaml
  version: 73d445a93680fa1a78ae23a5839bad48f32ba1ee
- name: github.com/go-ini/ini
  version: c787282c39ac1fc618827141a1f762240def08a3
- name: github.com/go-openapi/analysis
  version: b44dc874b601d9e4e2f6e19140e794ba24bead3b
- name: github.com/go-openapi/jsonpointer
  version: 46af16f9f7b149af66e5d1bd010e3574dc06de98
- name: github.com/go-openapi/jsonreference
  version: 13c6e3589ad90f49bd3e3bbe2c2cb3d7a4142272
- name: github.com/go-openapi/loads
  version: 18441dfa706d924a39a030ee2c3b1d8d81917b38
- name: github.com/go-openapi/spec
  version: 6aced65f8501fe1217321abf0749d354824ba2ff
- name: github.com/go-openapi/swag
  version: 1d0bd113de87027671077d3c71eb3ac5d7dbba72
- name: github.com/go-sql-driver/mysql
  version: be22b3051b3467094e9908389d900e74f72cf08f
- name: github.com/gogo/protobuf
  version: c0656edd0d9eab7c66d1eb0c568f9039345796f7
  subpackages:
  - gogoproto
  - plugin/compare
  - plugin/defaultcheck
  - plugin/description
  - plugin/embedcheck
  - plugin/enumstringer
  - plugin/equal
  - plugin/face
  - plugin/gostring
  - plugin/marshalto
  - plugin/oneofcheck
  - plugin/populate
  - plugin/size
  - plugin/stringer
  - plugin/testgen
  - plugin/union
  - plugin/unmarshal
  - proto
  - protoc-gen-gogo/descriptor
  - protoc-gen-gogo/generator
  - protoc-gen-gogo/grpc
  - protoc-gen-gogo/plugin
  - sortkeys
  - vanity
  - vanity/command
- name: github.com/golang/glog
  version: 44145f04b68cf362d9c4df2182967c2275eaefed
- name: github.com/golang/groupcache
  version: 02826c3e79038b59d737d3b1c0a1d937f71a4433
  subpackages:
  - lru
- name: github.com/golang/protobuf
  version: 4bd1920723d7b7c925de087aa32e2187708897f7
  subpackages:
  - jsonpb
  - proto
  - ptypes
  - ptypes/any
  - ptypes/duration
  - ptypes/timestamp
- name: github.com/google/btree
  version: 7d79101e329e5a3adf994758c578dab82b90c017
- name: github.com/google/gofuzz
  version: 44d81051d367757e1c7c6a5a86423ece9afcf63c
- name: github.com/google/uuid
  version: 7e072fc3a7be179aee6d3359e46015aa8c995314
- name: github.com/gorilla/context
  version: 215affda49addc4c8ef7e2534915df2c8c35c6cd
- name: github.com/gorilla/mux
  version: 24fca303ac6da784b9e8269f724ddeb0b2eea5e7
- name: github.com/grpc-ecosystem/grpc-gateway
  version: 84398b94e188ee336f307779b57b3aa91af7063c
  subpackages:
  - runtime
  - runtime/internal
  - utilities
- name: github.com/hashicorp/golang-lru
  version: a0d98a5f288019575c6d1f4bb1573fef2d1fcdc4
  subpackages:
  - simplelru
- name: github.com/icrowley/fake
  version: e64cc2cf92049a299f359734c6ea76073f2a8b2c
- name: github.com/inconshreveable/mousetrap
  version: 76626ae9c91c4f2a10f34cad8ce83ea42c93bb75
- name: github.com/jbw976/go-ps
  version: 82859aed1b5dafbbe6ad4f3dac5404d2a742cf18
- name: github.com/jmespath/go-jmespath
  version: 3433f3ea46d9f8019119e7dd41274e112a2359a9
- name: github.com/jonboulle/clockwork
  version: 72f9bd7c4e0c2a40055ab3d0f09654f730cce982
- name: github.com/juju/ratelimit
  version: 5b9ff866471762aa2ab2dced63c9fb6f53921342
- name: github.com/kubernetes-incubator/external-storage
  version: 999a5f33de0f6c51f7325f696ac738d8fc73ec65
  subpackages:
  - lib/controller
  - lib/leaderelection
  - lib/leaderelection/resourcelock
- name: github.com/mailru/easyjson
  version: d5b7844b561a7bc640052f1b935f7b800330d7e0
  subpackages:
  - buffer
  - jlexer
  - jwriter
- name: github.com/matttproud/golang_protobuf_extensions
  version: fc2b8d3a73c4867e51861bbdd5ae3c1f0869dd6a
  subpackages:
  - pbutil
- name: github.com/pborman/uuid
  version: ca53cad383cad2479bbba7f7a1a05797ec1386e4
- name: github.com/prometheus/client_golang
  version: e7e903064f5e9eb5da98208bae10b475d4db0f8c
  subpackages:
  - prometheus
  - prometheus/promhttp
- name: github.com/prometheus/client_model
  version: fa8ad6fec33561be4280a8f0514318c79d7f6cb6
  subpackages:
  - go
- name: github.com/prometheus/common
  version: 13ba4ddd0caa9c28ca7b7bffe1dfa9ed8d5ef207
  subpackages:
  - expfmt
  - internal/bitbucket.org/ww/goautoneg
  - model
- name: github.com/prometheus/procfs
  version: 65c1f6f8f0fc1e2185eb9863a3bc751496404259
  subpackages:
  - xfs
- name: github.com/PuerkitoBio/purell
  version: 8a290539e2e8629dbc4e6bad948158f790ec31f4
- name: github.com/PuerkitoBio/urlesc
  version: 5bd2802263f21d8788851d5305584c82a5c75d7e
- name: github.com/russross/blackfriday
  version: 300106c228d52c8941d4b3de6054a6062a86dda3
- name: github.com/shurcooL/sanitized_anchor_name
  version: 10ef21a441db47d8b13ebcc5fd2310f636973c77
- name: github.com/spf13/cobra
  version: 1c44ec8d3f1552cac48999f9306da23c4d8a288b
- name: github.com/spf13/pflag
  version: 9ff6c6923cfffbcd502984b8e0c80539a94968b7
- name: github.com/ugorji/go
  version: ded73eae5db7e7a0ef6f55aace87a2873c5d2b74
  subpackages:
  - codec
  - codec/codecgen
- name: github.com/xiang90/probing
  version: 07dd2e8dfe18522e9c447ba95f2fe95262f63bb2
- name: golang.org/x/crypto
  version: d172538b2cfce0c13cee31e647d0367aa8cd2486
  subpackages:
  - bcrypt
  - blowfish
  - curve25519
  - ed25519
  - ed25519/internal/edwards25519
  - nacl/secretbox
  - pkcs12
  - pkcs12/internal/rc2
  - poly1305
  - salsa20/salsa
  - ssh
  - ssh/terminal
- name: golang.org/x/net
  version: f2499483f923065a842d38eb4c7f1927e6fc6e6d
  subpackages:
  - context
  - context/ctxhttp
  - html
  - html/atom
  - http2
  - http2/hpack
  - idna
  - internal/timeseries
  - lex/httplex
  - proxy
  - trace
  - websocket
- name: golang.org/x/sys
  version: 8f0908ab3b2457e2e15403d3697c9ef5cb4b57a9
  subpackages:
  - unix
  - windows
- name: golang.org/x/text
  version: 2910a502d2bf9e43193af9d68ca516529614eed3
  subpackages:
  - cases
  - encoding
  - encoding/internal
  - encoding/internal/identifier
  - encoding/unicode
  - internal/tag
  - internal/utf8internal
  - language
  - runes
  - secure/bidirule
  - secure/precis
  - transform
  - unicode/bidi
  - unicode/norm
  - width
- name: google.golang.org/grpc
  version: 777daa17ff9b5daef1cfdf915088a2ada3332bf0
  subpackages:
  - codes
  - credentials
  - grpclog
  - internal
  - metadata
  - naming
  - peer
  - transport
- name: gopkg.in/inf.v0
  version: 3887ee99ecf07df5b447e9b00d9c0b2adaa9f3e4
- name: gopkg.in/yaml.v2
  version: 53feefa2559fb8dfa8d81baad31be332c97d6c77
- name: k8s.io/api
  version: e24ed681f56165befbea50a24f7e9f1c079ac366
  subpackages:
  - admissionregistration/v1alpha1
  - apps/v1beta1
  - authentication/v1
  - authentication/v1beta1
  - authorization/v1
  - authorization/v1beta1
  - autoscaling/v1
  - autoscaling/v2alpha1
  - batch/v1
  - batch/v2alpha1
  - certificates/v1beta1
  - core/v1
  - extensions/v1beta1
  - imagepolicy/v1alpha1
  - networking/v1
  - policy/v1beta1
  - rbac/v1alpha1
  - rbac/v1beta1
  - settings/v1alpha1
  - storage/v1
  - storage/v1beta1
- name: k8s.io/apiextensions-apiserver
  version: 3eb4c5fefbe7ad866747f78c7e4994cb555170c6
  subpackages:
  - pkg/apis/apiextensions
  - pkg/apis/apiextensions/v1beta1
  - pkg/client/clientset/clientset
  - pkg/client/clientset/clientset/fake
  - pkg/client/clientset/clientset/scheme
  - pkg/client/clientset/clientset/typed/apiextensions/v1beta1
  - pkg/client/clientset/clientset/typed/apiextensions/v1beta1/fake
- name: k8s.io/apimachinery
  version: 728b986edb9bd4bb8a022a8cc13573a97ecc2239
  subpackages:
  - pkg/api/equality
  - pkg/api/errors
  - pkg/api/meta
  - pkg/api/resource
  - pkg/apimachinery
  - pkg/apimachinery/announced
  - pkg/apimachinery/registered
  - pkg/apis/meta/v1
  - pkg/apis/meta/v1/unstructured
  - pkg/apis/meta/v1alpha1
  - pkg/conversion
  - pkg/conversion/queryparams
  - pkg/conversion/unstructured
  - pkg/fields
  - pkg/labels
  - pkg/openapi
  - pkg/runtime
  - pkg/runtime/schema
  - pkg/runtime/serializer
  - pkg/runtime/serializer/json
  - pkg/runtime/serializer/protobuf
  - pkg/runtime/serializer/recognizer
  - pkg/runtime/serializer/streaming
  - pkg/runtime/serializer/versioning
  - pkg/selection
  - pkg/types
  - pkg/util/cache
  - pkg/util/clock
  - pkg/util/diff
  - pkg/util/errors
  - pkg/util/framer
  - pkg/util/intstr
  - pkg/util/json
  - pkg/util/mergepatch
  - pkg/util/net
  - pkg/util/rand
  - pkg/util/runtime
  - pkg/util/sets
  - pkg/util/strategicpatch
  - pkg/util/uuid
  - pkg/util/validation
  - pkg/util/validation/field
  - pkg/util/wait
  - pkg/util/yaml
  - pkg/version
  - pkg/watch
  - third_party/forked/golang/json
  - third_party/forked/golang/reflect
- name: k8s.io/apiserver
  version: e739ac20f4d03d8612c80b8bc00260c093593345
  subpackages:
  - pkg/admission
  - pkg/admission/initializer
  - pkg/admission/plugin/namespace/lifecycle
  - pkg/apis/apiserver
  - pkg/apis/apiserver/install
  - pkg/apis/apiserver/v1alpha1
  - pkg/apis/audit
  - pkg/apis/audit/install
  - pkg/apis/audit/v1alpha1
  - pkg/apis/audit/validation
  - pkg/audit
  - pkg/audit/policy
  - pkg/authentication/authenticator
  - pkg/authentication/authenticatorfactory
  - pkg/authentication/group
  - pkg/authentication/request/anonymous
  - pkg/authentication/request/bearertoken
  - pkg/authentication/request/headerrequest
  - pkg/authentication/request/union
  - pkg/authentication/request/websocket
  - pkg/authentication/request/x509
  - pkg/authentication/serviceaccount
  - pkg/authentication/token/tokenfile
  - pkg/authentication/user
  - pkg/authorization/authorizer
  - pkg/authorization/authorizerfactory
  - pkg/authorization/union
  - pkg/endpoints
  - pkg/endpoints/discovery
  - pkg/endpoints/filters
  - pkg/endpoints/handlers
  - pkg/endpoints/handlers/negotiation
  - pkg/endpoints/handlers/responsewriters
  - pkg/endpoints/metrics
  - pkg/endpoints/openapi
  - pkg/endpoints/request
  - pkg/features
  - pkg/registry/generic
  - pkg/registry/generic/registry
  - pkg/registry/rest
  - pkg/server
  - pkg/server/filters
  - pkg/server/healthz
  - pkg/server/httplog
  - pkg/server/mux
  - pkg/server/openapi
  - pkg/server/options
  - pkg/server/routes
  - pkg/server/routes/data/swagger
  - pkg/server/storage
  - pkg/storage
  - pkg/storage/errors
  - pkg/storage/etcd
  - pkg/storage/etcd/metrics
  - pkg/storage/etcd/util
  - pkg/storage/etcd3
  - pkg/storage/names
  - pkg/storage/storagebackend
  - pkg/storage/storagebackend/factory
  - pkg/storage/value
  - pkg/util/feature
  - pkg/util/flag
  - pkg/util/flushwriter
  - pkg/util/logs
  - pkg/util/proxy
  - pkg/util/trace
  - pkg/util/trie
  - pkg/util/webhook
  - pkg/util/wsstream
  - plugin/pkg/audit/log
  - plugin/pkg/audit/webhook
  - plugin/pkg/authenticator/token/webhook
  - plugin/pkg/authorizer/webhook
- name: k8s.io/client-go
  version: 42a124578af9e61f5c6902fa7b6b2cb6538f17d2
  subpackages:
  - discovery
  - discovery/fake
  - kubernetes
  - kubernetes/fake
  - kubernetes/scheme
  - kubernetes/typed/admissionregistration/v1alpha1
  - kubernetes/typed/admissionregistration/v1alpha1/fake
  - kubernetes/typed/apps/v1beta1
  - kubernetes/typed/apps/v1beta1/fake
  - kubernetes/typed/authentication/v1
  - kubernetes/typed/authentication/v1/fake
  - kubernetes/typed/authentication/v1beta1
  - kubernetes/typed/authentication/v1beta1/fake
  - kubernetes/typed/authorization/v1
  - kubernetes/typed/authorization/v1/fake
  - kubernetes/typed/authorization/v1beta1
  - kubernetes/typed/authorization/v1beta1/fake
  - kubernetes/typed/autoscaling/v1
  - kubernetes/typed/autoscaling/v1/fake
  - kubernetes/typed/autoscaling/v2alpha1
  - kubernetes/typed/autoscaling/v2alpha1/fake
  - kubernetes/typed/batch/v1
  - kubernetes/typed/batch/v1/fake
  - kubernetes/typed/batch/v2alpha1
  - kubernetes/typed/batch/v2alpha1/fake
  - kubernetes/typed/certificates/v1beta1
  - kubernetes/typed/certificates/v1beta1/fake
  - kubernetes/typed/core/v1
  - kubernetes/typed/core/v1/fake
  - kubernetes/typed/extensions/v1beta1
  - kubernetes/typed/extensions/v1beta1/fake
  - kubernetes/typed/networking/v1
  - kubernetes/typed/networking/v1/fake
  - kubernetes/typed/policy/v1beta1
  - kubernetes/typed/policy/v1beta1/fake
  - kubernetes/typed/rbac/v1alpha1
  - kubernetes/typed/rbac/v1alpha1/fake
  - kubernetes/typed/rbac/v1beta1
  - kubernetes/typed/rbac/v1beta1/fake
  - kubernetes/typed/settings/v1alpha1
  - kubernetes/typed/settings/v1alpha1/fake
  - kubernetes/typed/storage/v1
  - kubernetes/typed/storage/v1/fake
  - kubernetes/typed/storage/v1beta1
  - kubernetes/typed/storage/v1beta1/fake
  - pkg/api/v1/ref
  - pkg/version
  - rest
  - rest/fake
  - rest/watch
  - testing
  - tools/cache
  - tools/clientcmd/api
  - tools/metrics
  - tools/record
  - transport
  - util/cert
  - util/flowcontrol
  - util/integer
- name: k8s.io/kubernetes
  version: df7f4b3526a580ef122aaeef61ab52842a60a88b
  subpackages:
  - federation/apis/federation
  - federation/apis/federation/install
  - federation/apis/federation/v1beta1
  - pkg/api
  - pkg/api/helper
  - pkg/api/install
  - pkg/api/testapi
  - pkg/api/v1
  - pkg/api/v1/helper
  - pkg/api/v1/helper/qos
  - pkg/api/v1/ref
  - pkg/apis/admission
  - pkg/apis/admission/install
  - pkg/apis/admission/v1alpha1
  - pkg/apis/admissionregistration
  - pkg/apis/admissionregistration/install
  - pkg/apis/admissionregistration/v1alpha1
  - pkg/apis/apps
  - pkg/apis/apps/install
  - pkg/apis/apps/v1beta1
  - pkg/apis/authentication
  - pkg/apis/authentication/install
  - pkg/apis/authentication/v1
  - pkg/apis/authentication/v1beta1
  - pkg/apis/authorization
  - pkg/apis/authorization/install
  - pkg/apis/authorization/v1
  - pkg/apis/authorization/v1beta1
  - pkg/apis/autoscaling
  - pkg/apis/autoscaling/install
  - pkg/apis/autoscaling/v1
  - pkg/apis/autoscaling/v2alpha1
  - pkg/apis/batch
  - pkg/apis/batch/install
  - pkg/apis/batch/v1
  - pkg/apis/batch/v2alpha1
  - pkg/apis/certificates
  - pkg/apis/certificates/install
  - pkg/apis/certificates/v1beta1
  - pkg/apis/componentconfig
  - pkg/apis/componentconfig/install
  - pkg/apis/componentconfig/v1alpha1
  - pkg/apis/extensions
  - pkg/apis/extensions/install
  - pkg/apis/extensions/v1beta1
  - pkg/apis/imagepolicy
  - pkg/apis/imagepolicy/install
  - pkg/apis/imagepolicy/v1alpha1
  - pkg/apis/networking
  - pkg/apis/networking/install
  - pkg/apis/networking/v1
  - pkg/apis/policy
  - pkg/apis/policy/install
  - pkg/apis/policy/v1beta1
  - pkg/apis/rbac
  - pkg/apis/rbac/install
  - pkg/apis/rbac/v1alpha1
  - pkg/apis/rbac/v1beta1
  - pkg/apis/settings
  - pkg/apis/settings/install
  - pkg/apis/settings/v1alpha1
  - pkg/apis/storage
  - pkg/apis/storage/install
  - pkg/apis/storage/v1
  - pkg/apis/storage/v1beta1
  - pkg/client/clientset_generated/clientset
  - pkg/client/clientset_generated/clientset/scheme
  - pkg/client/clientset_generated/clientset/typed/admissionregistration/v1alpha1
  - pkg/client/clientset_generated/clientset/typed/apps/v1beta1
  - pkg/client/clientset_generated/clientset/typed/authentication/v1
  - pkg/client/clientset_generated/clientset/typed/authentication/v1beta1
  - pkg/client/clientset_generated/clientset/typed/authorization/v1
  - pkg/client/clientset_generated/clientset/typed/authorization/v1beta1
  - pkg/client/clientset_generated/clientset/typed/autoscaling/v1
  - pkg/client/clientset_generated/clientset/typed/autoscaling/v2alpha1
  - pkg/client/clientset_generated/clientset/typed/batch/v1
  - pkg/client/clientset_generated/clientset/typed/batch/v2alpha1
  - pkg/client/clientset_generated/clientset/typed/certificates/v1beta1
  - pkg/client/clientset_generated/clientset/typed/core/v1
  - pkg/client/clientset_generated/clientset/typed/extensions/v1beta1
  - pkg/client/clientset_generated/clientset/typed/networking/v1
  - pkg/client/clientset_generated/clientset/typed/policy/v1beta1
  - pkg/client/clientset_generated/clientset/typed/rbac/v1alpha1
  - pkg/client/clientset_generated/clientset/typed/rbac/v1beta1
  - pkg/client/clientset_generated/clientset/typed/settings/v1alpha1
  - pkg/client/clientset_generated/clientset/typed/storage/v1
  - pkg/client/clientset_generated/clientset/typed/storage/v1beta1
  - pkg/kubelet/apis
  - pkg/kubelet/qos
  - pkg/kubelet/types
  - pkg/master/ports
  - pkg/util
  - pkg/util/exec
  - pkg/util/goroutinemap
  - pkg/util/goroutinemap/exponentialbackoff
  - pkg/util/mount
  - pkg/util/parsers
  - pkg/util/version
  - pkg/volume/util
testImports:
- name: github.com/jmoiron/jsonq
  version: e874b168d07ecc7808bc950a17998a8aa3141d82
- name: github.com/pmezard/go-difflib
  version: d8ed2627bdf02c080bf22230dbb337003b7aba2d
  subpackages:
  - difflib
- name: github.com/stretchr/testify
  version: 976c720a22c8eb4eb6a0b4348ad85ad12491a506
  subpackages:
  - assert
  - require
  - suite
